
Microsoft Visual Studio Solution File, Format Version 12.00
# Visual Studio Version 16
VisualStudioVersion = 16.0.31624.102
MinimumVisualStudioVersion = 10.0.40219.1
Project("{FAE04EC0-301F-11D3-BF4B-00C04F79EFBC}") = "lab-1", "lab-1\lab-1.csproj", "{4F0463AB-FA71-4885-A274-B1492D31F127}"
EndProject
Global
	GlobalSection(SolutionConfigurationPlatforms) = preSolution
		Debug|Any CPU = Debug|Any CPU
		Release|Any CPU = Release|Any CPU
	EndGlobalSection
	GlobalSection(ProjectConfigurationPlatforms) = postSolution
		{4F0463AB-FA71-4885-A274-B1492D31F127}.Debug|Any CPU.ActiveCfg = Debug|Any CPU
		{4F0463AB-FA71-4885-A274-B1492D31F127}.Debug|Any CPU.Build.0 = Debug|Any CPU
		{4F0463AB-FA71-4885-A274-B1492D31F127}.Release|Any CPU.ActiveCfg = Release|Any CPU
		{4F0463AB-FA71-4885-A274-B1492D31F127}.Release|Any CPU.Build.0 = Release|Any CPU
	EndGlobalSection
	GlobalSection(SolutionProperties) = preSolution
		HideSolutionNode = FALSE
	EndGlobalSection
	GlobalSection(ExtensibilityGlobals) = postSolution
		SolutionGuid = {11EB1753-1B24-4941-BEA3-B681AF04C05E}
	EndGlobalSection
EndGlobal
